
Microsoft Visual Studio Solution File, Format Version 12.00
# Visual Studio Version 17
VisualStudioVersion = 17.0.31903.59
MinimumVisualStudioVersion = 10.0.40219.1
Project("{FAE04EC0-301F-11D3-BF4B-00C04F79EFBC}") = "Northwind.DataContext", "Northwind.DataContext\Northwind.DataContext.csproj", "{2A73838B-F5A5-433C-BB68-C9E2AC0DA23A}"
EndProject
Project("{FAE04EC0-301F-11D3-BF4B-00C04F79EFBC}") = "Northwind.EntityModels", "Northwind.EntityModels\Northwind.EntityModels.csproj", "{69C682DD-0F24-49DB-9AB5-B59CC3FE33F0}"
EndProject
Project("{FAE04EC0-301F-11D3-BF4B-00C04F79EFBC}") = "Northwind.Tests", "Northwind.Tests\Northwind.Tests.csproj", "{C3D69E15-CB63-4A73-92C4-26668A7A8E66}"
EndProject
Global
	GlobalSection(SolutionConfigurationPlatforms) = preSolution
		Debug|Any CPU = Debug|Any CPU
		Release|Any CPU = Release|Any CPU
	EndGlobalSection
	GlobalSection(SolutionProperties) = preSolution
		HideSolutionNode = FALSE
	EndGlobalSection
	GlobalSection(ProjectConfigurationPlatforms) = postSolution
		{2A73838B-F5A5-433C-BB68-C9E2AC0DA23A}.Debug|Any CPU.ActiveCfg = Debug|Any CPU
		{2A73838B-F5A5-433C-BB68-C9E2AC0DA23A}.Debug|Any CPU.Build.0 = Debug|Any CPU
		{2A73838B-F5A5-433C-BB68-C9E2AC0DA23A}.Release|Any CPU.ActiveCfg = Release|Any CPU
		{2A73838B-F5A5-433C-BB68-C9E2AC0DA23A}.Release|Any CPU.Build.0 = Release|Any CPU
		{69C682DD-0F24-49DB-9AB5-B59CC3FE33F0}.Debug|Any CPU.ActiveCfg = Debug|Any CPU
		{69C682DD-0F24-49DB-9AB5-B59CC3FE33F0}.Debug|Any CPU.Build.0 = Debug|Any CPU
		{69C682DD-0F24-49DB-9AB5-B59CC3FE33F0}.Release|Any CPU.ActiveCfg = Release|Any CPU
		{69C682DD-0F24-49DB-9AB5-B59CC3FE33F0}.Release|Any CPU.Build.0 = Release|Any CPU
		{C3D69E15-CB63-4A73-92C4-26668A7A8E66}.Debug|Any CPU.ActiveCfg = Debug|Any CPU
		{C3D69E15-CB63-4A73-92C4-26668A7A8E66}.Debug|Any CPU.Build.0 = Debug|Any CPU
		{C3D69E15-CB63-4A73-92C4-26668A7A8E66}.Release|Any CPU.ActiveCfg = Release|Any CPU
		{C3D69E15-CB63-4A73-92C4-26668A7A8E66}.Release|Any CPU.Build.0 = Release|Any CPU
	EndGlobalSection
EndGlobal
